{
  "originHash" : "80ce564b1c8400b9ca10dfe15680eeb9782dde9f1b5d24b61159a829d78204ba",
  "pins" : [
    {
      "identity" : "channelswift",
      "kind" : "remoteSourceControl",
      "location" : "https://github.com/v57/ChannelSwift.git",
      "state" : {
        "branch" : "main",
        "revision" : "5f7e5ccdb74bd28927335c315dcd91a8536f8279"
      }
    },
    {
      "identity" : "hubservice",
      "kind" : "remoteSourceControl",
      "location" : "https://github.com/v57/HubService",
      "state" : {
        "branch" : "main",
        "revision" : "e67820462b83533af7d2193561785db10996b2fe"
      }
    }
  ],
  "version" : 3
}
