{
  "originHash" : "80ce564b1c8400b9ca10dfe15680eeb9782dde9f1b5d24b61159a829d78204ba",
  "pins" : [
    {
      "identity" : "channelswift",
      "kind" : "remoteSourceControl",
      "location" : "https://github.com/v57/ChannelSwift.git",
      "state" : {
        "branch" : "main",
        "revision" : "06789f3359570352a5001f2bf0c553b53ae0bb1b"
      }
    },
    {
      "identity" : "hubservice",
      "kind" : "remoteSourceControl",
      "location" : "https://github.com/v57/HubService",
      "state" : {
        "branch" : "main",
        "revision" : "a2121ff76aa55f9279b112ac2ea4438816369099"
      }
    }
  ],
  "version" : 3
}
