{
  "originHash" : "80ce564b1c8400b9ca10dfe15680eeb9782dde9f1b5d24b61159a829d78204ba",
  "pins" : [
    {
      "identity" : "channelswift",
      "kind" : "remoteSourceControl",
      "location" : "https://github.com/v57/ChannelSwift.git",
      "state" : {
        "branch" : "main",
        "revision" : "99989fb3cde3865590d9ec88371df7067237b0a8"
      }
    },
    {
      "identity" : "hubservice",
      "kind" : "remoteSourceControl",
      "location" : "https://github.com/v57/HubService",
      "state" : {
        "branch" : "main",
        "revision" : "fe179c4c1acbaebf7cbb0a1b00d069052ab8dcef"
      }
    }
  ],
  "version" : 3
}
